<?xml version="1.0" encoding="utf-8"?>
<Project ToolsVersion="4.0" xmlns="http://schemas.microsoft.com/developer/msbuild/2003">
  <ItemGroup>
    <Filter Include="[1]____________[ Game Mode ]">
      <UniqueIdentifier>{453fd586-1c73-44fe-a61b-78ef8806db07}</UniqueIdentifier>
    </Filter>
    <Filter Include="[1]____________[ Game Mode ]\[ Mode1 ]">
      <UniqueIdentifier>{64814673-b711-4547-a2fa-f83b097a05fe}</UniqueIdentifier>
    </Filter>
    <Filter Include="[2]____________[ Game Object ]">
      <UniqueIdentifier>{ff900b4e-0c5d-4b64-8b68-91350d32ea6d}</UniqueIdentifier>
    </Filter>
    <Filter Include="[2]____________[ Game Object ]\[1] [ CustomObject ]">
      <UniqueIdentifier>{03135e75-d38d-4b93-81cb-cd9d7aad3e82}</UniqueIdentifier>
    </Filter>
    <Filter Include="[2]____________[ Game Object ]\[2] [ Template ]">
      <UniqueIdentifier>{03b6b546-94f5-4152-a165-f88612df9eb3}</UniqueIdentifier>
    </Filter>
    <Filter Include="[3]____________[ Camera ]">
      <UniqueIdentifier>{2a8bb781-cc47-466a-bc74-8a9e1cea7d74}</UniqueIdentifier>
    </Filter>
    <Filter Include="[4]____________[ Game Resource ]">
      <UniqueIdentifier>{517a4e13-9e31-4063-a3c0-0decb62883fd}</UniqueIdentifier>
    </Filter>
    <Filter Include="[5]____________[ Objective-D ]">
      <UniqueIdentifier>{ef1ecf29-3ada-454b-ac86-babccffd7df9}</UniqueIdentifier>
    </Filter>
    <Filter Include="[0]____________[ Config ]">
      <UniqueIdentifier>{5586bdf3-62bc-416a-8746-a2eb0688771f}</UniqueIdentifier>
    </Filter>
    <Filter Include="[0]____________[ Config ]\Header">
      <UniqueIdentifier>{133f430c-e0e1-4661-ba68-048388321eaa}</UniqueIdentifier>
    </Filter>
    <Filter Include="[5]____________[ Objective-D ]\[1] - [ Header ]">
      <UniqueIdentifier>{843b528d-cf4f-4093-b11b-78a4b66a4263}</UniqueIdentifier>
    </Filter>
    <Filter Include="[5]____________[ Objective-D ]\[2] - [ Root Signature ]">
      <UniqueIdentifier>{3f042948-dac6-40de-9897-8492044f7036}</UniqueIdentifier>
    </Filter>
    <Filter Include="[5]____________[ Objective-D ]\[3] - [ Shader Variable ]">
      <UniqueIdentifier>{1892e749-83d3-4979-b16d-a6758519b7e4}</UniqueIdentifier>
    </Filter>
    <Filter Include="[5]____________[ Objective-D ]\[3] - [ Shader Variable ]\[ Constant Buffer ]">
      <UniqueIdentifier>{2e441570-2469-4d4a-96e6-39f9f7bd4a43}</UniqueIdentifier>
    </Filter>
    <Filter Include="[5]____________[ Objective-D ]\[3] - [ Shader Variable ]\[ Root Constant ]">
      <UniqueIdentifier>{a9ca5656-3ff4-48ac-83d8-4d0664b37dc5}</UniqueIdentifier>
    </Filter>
    <Filter Include="[5]____________[ Objective-D ]\[4] - [ HLSL ]">
      <UniqueIdentifier>{ba70de6e-7cb6-4172-be19-be267872509d}</UniqueIdentifier>
    </Filter>
    <Filter Include="[5]____________[ Objective-D ]\[5] - [ System ]">
      <UniqueIdentifier>{80837fba-8383-4839-89ef-9bb43664b334}</UniqueIdentifier>
    </Filter>
    <Filter Include="[5]____________[ Objective-D ]\[5] - [ System ]\[ WinAPI ]">
      <UniqueIdentifier>{2196dc85-3ef2-4368-a09b-f3ddea5f3fb2}</UniqueIdentifier>
    </Filter>
    <Filter Include="[5]____________[ Objective-D ]\[5] - [ System ]\[ WinAPI ]\[ Res ]">
      <UniqueIdentifier>{67DA6AB6-F800-4c08-8B7A-83BB121AAD01}</UniqueIdentifier>
      <Extensions>rc;ico;cur;bmp;dlg;rc2;rct;bin;rgs;gif;jpg;jpeg;jpe;resx;tiff;tif;png;wav;mfcribbon-ms</Extensions>
    </Filter>
    <Filter Include="[5]____________[ Objective-D ]\[5] - [ System ]\[ WinAPI ]\[ Header ]">
      <UniqueIdentifier>{72b2faf8-f4fd-434a-96dc-e0c382f6e0c3}</UniqueIdentifier>
    </Filter>
    <Filter Include="[5]____________[ Objective-D ]\[5] - [ System ]\[ Framework ]">
      <UniqueIdentifier>{0663579a-f565-40d0-80bb-d7e8bb127ef5}</UniqueIdentifier>
    </Filter>
    <Filter Include="[5]____________[ Objective-D ]\[5] - [ System ]\[ Scene ]">
      <UniqueIdentifier>{a882829a-dff4-4946-9ffa-c1aee2ad70cd}</UniqueIdentifier>
    </Filter>
    <Filter Include="[5]____________[ Objective-D ]\[5] - [ System ]\[ Texture Loader ]">
      <UniqueIdentifier>{73e6f496-ce6c-4cd5-bee3-8f2023e35c7a}</UniqueIdentifier>
    </Filter>
    <Filter Include="[5]____________[ Objective-D ]\[5] - [ System ]\[ Texture Loader ]\[ WICTextureLoader12 ]">
      <UniqueIdentifier>{09d3e037-e897-42ba-b91b-0ca90bae1be3}</UniqueIdentifier>
    </Filter>
    <Filter Include="[5]____________[ Objective-D ]\[5] - [ System ]\[ Texture Loader ]\[ DDSTextureLoader12 ]">
      <UniqueIdentifier>{5983987d-bc91-4c09-814d-3736d2a90331}</UniqueIdentifier>
    </Filter>
    <Filter Include="[5]____________[ Objective-D ]\[5] - [ System ]\[ Timer ]">
      <UniqueIdentifier>{316a1113-7690-4ecb-9a65-31ebb3a73328}</UniqueIdentifier>
    </Filter>
    <Filter Include="[5]____________[ Objective-D ]\[6] - [ Util ]">
      <UniqueIdentifier>{b6d4afa3-90e4-47a5-ba1f-f41d49ed0da4}</UniqueIdentifier>
    </Filter>
    <Filter Include="[5]____________[ Objective-D ]\[6] - [ Util ]\[ Mesh Util ]">
      <UniqueIdentifier>{e06f5344-112a-46aa-8b30-1ab19c3f4755}</UniqueIdentifier>
    </Filter>
    <Filter Include="[5]____________[ Objective-D ]\[6] - [ Util ]\[ Mesh Util ]\[1][ Set Up ]">
      <UniqueIdentifier>{f550e7bc-0bb1-4940-a2cf-ef5a66d383c3}</UniqueIdentifier>
    </Filter>
    <Filter Include="[5]____________[ Objective-D ]\[6] - [ Util ]\[ Shader Util ]">
      <UniqueIdentifier>{b6dba01f-4495-421d-b07d-2f1ae3602a65}</UniqueIdentifier>
    </Filter>
    <Filter Include="[5]____________[ Objective-D ]\[6] - [ Util ]\[ Shader Util ]\[1][ Set Up ]">
      <UniqueIdentifier>{37c1029a-4cd8-4b6e-83e0-7d1bdfce11fb}</UniqueIdentifier>
    </Filter>
    <Filter Include="[5]____________[ Objective-D ]\[6] - [ Util ]\[ Shader Util ]\[2][ Shaders ]">
      <UniqueIdentifier>{cefc5f65-788d-49ad-a6db-dded9c8cc763}</UniqueIdentifier>
    </Filter>
    <Filter Include="[5]____________[ Objective-D ]\[6] - [ Util ]\[ Shader Util ]\[2][ Shaders ]\[ Image Shader ]">
      <UniqueIdentifier>{220c33db-4578-48f5-875a-0958547fd7d1}</UniqueIdentifier>
    </Filter>
    <Filter Include="[5]____________[ Objective-D ]\[6] - [ Util ]\[ Shader Util ]\[2][ Shaders ]\[ Object Shader ]">
      <UniqueIdentifier>{766937e9-460b-4942-b672-6d82b626e016}</UniqueIdentifier>
    </Filter>
    <Filter Include="[5]____________[ Objective-D ]\[6] - [ Util ]\[ Shader Util ]\[2][ Shaders ]\[ Boundbox Shader ]">
      <UniqueIdentifier>{0a2de861-97da-4ab0-b6da-6f48b3ae91f3}</UniqueIdentifier>
    </Filter>
    <Filter Include="[5]____________[ Objective-D ]\[6] - [ Util ]\[ Shader Util ]\[2][ Shaders ]\[ Line Shader ]">
      <UniqueIdentifier>{a1359e18-8f0d-4d56-9a9c-98440265ff52}</UniqueIdentifier>
    </Filter>
    <Filter Include="[5]____________[ Objective-D ]\[6] - [ Util ]\[ Shader Util ]\[2][ Shaders ]\[ Particle Shader ]">
      <UniqueIdentifier>{25a07db2-158f-42e8-9f95-f4c7f3ad2bdd}</UniqueIdentifier>
    </Filter>
    <Filter Include="[5]____________[ Objective-D ]\[6] - [ Util ]\[ Picking Util ]">
      <UniqueIdentifier>{ba62d479-4117-4520-9523-ec8071756d84}</UniqueIdentifier>
    </Filter>
    <Filter Include="[5]____________[ Objective-D ]\[6] - [ Util ]\[ Collision Util ]">
      <UniqueIdentifier>{d8926a5b-3aa1-4959-ab02-5a2302da5eff}</UniqueIdentifier>
    </Filter>
    <Filter Include="[5]____________[ Objective-D ]\[6] - [ Util ]\[ Terrain Util ]">
      <UniqueIdentifier>{19a62344-2409-47b7-bb75-4d6abbcb9220}</UniqueIdentifier>
    </Filter>
    <Filter Include="[5]____________[ Objective-D ]\[6] - [ Util ]\[ Transform Util ]">
      <UniqueIdentifier>{95a833a1-63bf-42c2-92b4-9d023ee5eaa3}</UniqueIdentifier>
    </Filter>
    <Filter Include="[5]____________[ Objective-D ]\[6] - [ Util ]\[ Math Util ]">
      <UniqueIdentifier>{0683a2e4-4519-4394-a267-133ac8565000}</UniqueIdentifier>
    </Filter>
    <Filter Include="[5]____________[ Objective-D ]\[6] - [ Util ]\[ Texture Util ]">
      <UniqueIdentifier>{513de38b-3361-4d1f-bd1f-31498074ad0c}</UniqueIdentifier>
    </Filter>
    <Filter Include="[5]____________[ Objective-D ]\[6] - [ Util ]\[ Brush Util ]">
      <UniqueIdentifier>{12f8bb1d-4b55-4e19-981f-78f7dc7fda6d}</UniqueIdentifier>
    </Filter>
    <Filter Include="[5]____________[ Objective-D ]\[6] - [ Util ]\[ Mouse Util ]">
      <UniqueIdentifier>{3a5cbc8f-6164-4837-b52b-8688b219d9a0}</UniqueIdentifier>
    </Filter>
    <Filter Include="[5]____________[ Objective-D ]\[6] - [ Util ]\[ Root Constant Util ]">
      <UniqueIdentifier>{454bc9de-c7e0-4efc-93a0-6a13c1b25425}</UniqueIdentifier>
    </Filter>
    <Filter Include="[5]____________[ Objective-D ]\[6] - [ Util ]\[ Constant Buffer Util ]">
      <UniqueIdentifier>{8a9a0685-ce18-4df7-bf17-ba13635518e6}</UniqueIdentifier>
    </Filter>
  </ItemGroup>
  <ItemGroup>
    <ClInclude Include="Scene.h">
      <Filter>[5]____________[ Objective-D ]\[5] - [ System ]\[ Scene ]</Filter>
    </ClInclude>
    <ClInclude Include="DirectX_3D.h">
      <Filter>[5]____________[ Objective-D ]\[1] - [ Header ]</Filter>
    </ClInclude>
    <ClInclude Include="Config.h">
      <Filter>[0]____________[ Config ]</Filter>
    </ClInclude>
    <ClInclude Include="MeshUtil.h">
      <Filter>[5]____________[ Objective-D ]\[6] - [ Util ]\[ Mesh Util ]</Filter>
    </ClInclude>
    <ClInclude Include="TimerUtil.h">
      <Filter>[5]____________[ Objective-D ]\[5] - [ System ]\[ Timer ]</Filter>
    </ClInclude>
    <ClInclude Include="ShaderUtil.h">
      <Filter>[5]____________[ Objective-D ]\[6] - [ Util ]\[ Shader Util ]</Filter>
    </ClInclude>
    <ClInclude Include="targetver.h">
      <Filter>[5]____________[ Objective-D ]\[5] - [ System ]\[ WinAPI ]\[ Header ]</Filter>
    </ClInclude>
    <ClInclude Include="Resource.h">
      <Filter>[5]____________[ Objective-D ]\[5] - [ System ]\[ WinAPI ]\[ Header ]</Filter>
    </ClInclude>
    <ClInclude Include="Objective-D.h">
      <Filter>[5]____________[ Objective-D ]\[5] - [ System ]\[ WinAPI ]\[ Header ]</Filter>
    </ClInclude>
    <ClInclude Include="Mode1.h">
      <Filter>[1]____________[ Game Mode ]\[ Mode1 ]</Filter>
    </ClInclude>
    <ClInclude Include="PickingUtil.h">
      <Filter>[5]____________[ Objective-D ]\[6] - [ Util ]\[ Picking Util ]</Filter>
    </ClInclude>
    <ClInclude Include="GameObject.h">
      <Filter>[2]____________[ Game Object ]\[2] [ Template ]</Filter>
    </ClInclude>
    <ClInclude Include="CollisionUtil.h">
      <Filter>[5]____________[ Objective-D ]\[6] - [ Util ]\[ Collision Util ]</Filter>
    </ClInclude>
    <ClInclude Include="MouseUtil.h">
      <Filter>[5]____________[ Objective-D ]\[6] - [ Util ]\[ Mouse Util ]</Filter>
    </ClInclude>
    <ClInclude Include="TerrainUtil.h">
      <Filter>[5]____________[ Objective-D ]\[6] - [ Util ]\[ Terrain Util ]</Filter>
    </ClInclude>
    <ClInclude Include="TransformUtil.h">
      <Filter>[5]____________[ Objective-D ]\[6] - [ Util ]\[ Transform Util ]</Filter>
    </ClInclude>
    <ClInclude Include="MathUtil.h">
      <Filter>[5]____________[ Objective-D ]\[6] - [ Util ]\[ Math Util ]</Filter>
    </ClInclude>
    <ClInclude Include="StartMode.h">
      <Filter>[0]____________[ Config ]\Header</Filter>
    </ClInclude>
    <ClInclude Include="TestObject.h">
      <Filter>[2]____________[ Game Object ]\[1] [ CustomObject ]</Filter>
    </ClInclude>
    <ClInclude Include="d3dx12.h">
      <Filter>[5]____________[ Objective-D ]\[1] - [ Header ]</Filter>
    </ClInclude>
    <ClInclude Include="WICTextureLoader12.h">
      <Filter>[5]____________[ Objective-D ]\[5] - [ System ]\[ Texture Loader ]\[ WICTextureLoader12 ]</Filter>
    </ClInclude>
    <ClInclude Include="TextureUtil.h">
      <Filter>[5]____________[ Objective-D ]\[6] - [ Util ]\[ Texture Util ]</Filter>
    </ClInclude>
    <ClInclude Include="Framework.h">
      <Filter>[5]____________[ Objective-D ]\[5] - [ System ]\[ Framework ]</Filter>
    </ClInclude>
    <ClInclude Include="LineBrush.h">
      <Filter>[5]____________[ Objective-D ]\[6] - [ Util ]\[ Brush Util ]</Filter>
    </ClInclude>
    <ClInclude Include="CameraUtil.h">
      <Filter>[3]____________[ Camera ]</Filter>
    </ClInclude>
    <ClInclude Include="ConstantBufferData.h">
      <Filter>[5]____________[ Objective-D ]\[3] - [ Shader Variable ]\[ Constant Buffer ]</Filter>
    </ClInclude>
    <ClInclude Include="ConstantBuffers.h">
      <Filter>[5]____________[ Objective-D ]\[3] - [ Shader Variable ]\[ Constant Buffer ]</Filter>
    </ClInclude>
    <ClInclude Include="CBVUtil.h">
      <Filter>[5]____________[ Objective-D ]\[6] - [ Util ]\[ Constant Buffer Util ]</Filter>
    </ClInclude>
    <ClInclude Include="RootConstantUtil.h">
      <Filter>[5]____________[ Objective-D ]\[6] - [ Util ]\[ Root Constant Util ]</Filter>
    </ClInclude>
    <ClInclude Include="RootConstants.h">
      <Filter>[5]____________[ Objective-D ]\[3] - [ Shader Variable ]\[ Root Constant ]</Filter>
    </ClInclude>
    <ClInclude Include="DDSTextureLoader12.h">
      <Filter>[5]____________[ Objective-D ]\[5] - [ System ]\[ Texture Loader ]\[ DDSTextureLoader12 ]</Filter>
    </ClInclude>
    <ClInclude Include="ObjectShader.h">
      <Filter>[5]____________[ Objective-D ]\[6] - [ Util ]\[ Shader Util ]\[2][ Shaders ]\[ Object Shader ]</Filter>
    </ClInclude>
    <ClInclude Include="ImageShader.h">
      <Filter>[5]____________[ Objective-D ]\[6] - [ Util ]\[ Shader Util ]\[2][ Shaders ]\[ Image Shader ]</Filter>
    </ClInclude>
    <ClInclude Include="BoundboxShader.h">
      <Filter>[5]____________[ Objective-D ]\[6] - [ Util ]\[ Shader Util ]\[2][ Shaders ]\[ Boundbox Shader ]</Filter>
    </ClInclude>
    <ClInclude Include="LineShader.h">
      <Filter>[5]____________[ Objective-D ]\[6] - [ Util ]\[ Shader Util ]\[2][ Shaders ]\[ Line Shader ]</Filter>
    </ClInclude>
    <ClInclude Include="GameResource.h">
      <Filter>[4]____________[ Game Resource ]</Filter>
    </ClInclude>
    <ClInclude Include="SettingRootSignature.h">
      <Filter>[5]____________[ Objective-D ]\[2] - [ Root Signature ]</Filter>
    </ClInclude>
  </ItemGroup>
  <ItemGroup>
    <ClCompile Include="Scene.cpp">
      <Filter>[5]____________[ Objective-D ]\[5] - [ System ]\[ Scene ]</Filter>
    </ClCompile>
    <ClCompile Include="DirectX_3D.cpp">
      <Filter>[5]____________[ Objective-D ]\[1] - [ Header ]</Filter>
    </ClCompile>
    <ClCompile Include="Framework.cpp">
      <Filter>[5]____________[ Objective-D ]\[5] - [ System ]\[ Framework ]</Filter>
    </ClCompile>
    <ClCompile Include="TimerUtil.cpp">
      <Filter>[5]____________[ Objective-D ]\[5] - [ System ]\[ Timer ]</Filter>
    </ClCompile>
    <ClCompile Include="PickingUtil.cpp">
      <Filter>[5]____________[ Objective-D ]\[6] - [ Util ]\[ Picking Util ]</Filter>
    </ClCompile>
    <ClCompile Include="MeshUtil.cpp">
      <Filter>[5]____________[ Objective-D ]\[6] - [ Util ]\[ Mesh Util ]</Filter>
    </ClCompile>
    <ClCompile Include="ShaderUtil.cpp">
      <Filter>[5]____________[ Objective-D ]\[6] - [ Util ]\[ Shader Util ]</Filter>
    </ClCompile>
    <ClCompile Include="GameObject.cpp">
      <Filter>[2]____________[ Game Object ]\[2] [ Template ]</Filter>
    </ClCompile>
    <ClCompile Include="CollisionUtil.cpp">
      <Filter>[5]____________[ Objective-D ]\[6] - [ Util ]\[ Collision Util ]</Filter>
    </ClCompile>
    <ClCompile Include="MouseUtil.cpp">
      <Filter>[5]____________[ Objective-D ]\[6] - [ Util ]\[ Mouse Util ]</Filter>
    </ClCompile>
    <ClCompile Include="TerrainUtil.cpp">
      <Filter>[5]____________[ Objective-D ]\[6] - [ Util ]\[ Terrain Util ]</Filter>
    </ClCompile>
    <ClCompile Include="Mode1.cpp">
      <Filter>[1]____________[ Game Mode ]\[ Mode1 ]</Filter>
    </ClCompile>
    <ClCompile Include="TransformUtil.cpp">
      <Filter>[5]____________[ Objective-D ]\[6] - [ Util ]\[ Transform Util ]</Filter>
    </ClCompile>
    <ClCompile Include="MathUtil.cpp">
      <Filter>[5]____________[ Objective-D ]\[6] - [ Util ]\[ Math Util ]</Filter>
    </ClCompile>
    <ClCompile Include="StartMode.cpp">
      <Filter>[0]____________[ Config ]</Filter>
    </ClCompile>
    <ClCompile Include="WICTextureLoader12.cpp">
      <Filter>[5]____________[ Objective-D ]\[5] - [ System ]\[ Texture Loader ]\[ WICTextureLoader12 ]</Filter>
    </ClCompile>
    <ClCompile Include="TextureUtil.cpp">
      <Filter>[5]____________[ Objective-D ]\[6] - [ Util ]\[ Texture Util ]</Filter>
    </ClCompile>
    <ClCompile Include="LineBrush.cpp">
      <Filter>[5]____________[ Objective-D ]\[6] - [ Util ]\[ Brush Util ]</Filter>
    </ClCompile>
    <ClCompile Include="Resterizers.cpp">
      <Filter>[5]____________[ Objective-D ]\[6] - [ Util ]\[ Shader Util ]\[1][ Set Up ]</Filter>
    </ClCompile>
    <ClCompile Include="Pipelines.cpp">
      <Filter>[5]____________[ Objective-D ]\[6] - [ Util ]\[ Shader Util ]\[1][ Set Up ]</Filter>
    </ClCompile>
    <ClCompile Include="Stencils.cpp">
      <Filter>[5]____________[ Objective-D ]\[6] - [ Util ]\[ Shader Util ]\[1][ Set Up ]</Filter>
    </ClCompile>
    <ClCompile Include="Blends.cpp">
      <Filter>[5]____________[ Objective-D ]\[6] - [ Util ]\[ Shader Util ]\[1][ Set Up ]</Filter>
    </ClCompile>
    <ClCompile Include="Meshes.cpp">
      <Filter>[5]____________[ Objective-D ]\[6] - [ Util ]\[ Mesh Util ]\[1][ Set Up ]</Filter>
    </ClCompile>
    <ClCompile Include="CameraUtil.cpp">
      <Filter>[3]____________[ Camera ]</Filter>
    </ClCompile>
    <ClCompile Include="ConstantBuffers.cpp">
      <Filter>[5]____________[ Objective-D ]\[3] - [ Shader Variable ]\[ Constant Buffer ]</Filter>
    </ClCompile>
    <ClCompile Include="CBVUtil.cpp">
      <Filter>[5]____________[ Objective-D ]\[6] - [ Util ]\[ Constant Buffer Util ]</Filter>
    </ClCompile>
    <ClCompile Include="RootConstantUtil.cpp">
      <Filter>[5]____________[ Objective-D ]\[6] - [ Util ]\[ Root Constant Util ]</Filter>
    </ClCompile>
    <ClCompile Include="RootConstants.cpp">
      <Filter>[5]____________[ Objective-D ]\[3] - [ Shader Variable ]\[ Root Constant ]</Filter>
    </ClCompile>
    <ClCompile Include="DDSTextureLoader12.cpp">
      <Filter>[5]____________[ Objective-D ]\[5] - [ System ]\[ Texture Loader ]\[ DDSTextureLoader12 ]</Filter>
    </ClCompile>
    <ClCompile Include="ObjectShader.cpp">
      <Filter>[5]____________[ Objective-D ]\[6] - [ Util ]\[ Shader Util ]\[2][ Shaders ]\[ Object Shader ]</Filter>
    </ClCompile>
    <ClCompile Include="ImageShader.cpp">
      <Filter>[5]____________[ Objective-D ]\[6] - [ Util ]\[ Shader Util ]\[2][ Shaders ]\[ Image Shader ]</Filter>
    </ClCompile>
    <ClCompile Include="BoundboxShader.cpp">
      <Filter>[5]____________[ Objective-D ]\[6] - [ Util ]\[ Shader Util ]\[2][ Shaders ]\[ Boundbox Shader ]</Filter>
    </ClCompile>
    <ClCompile Include="LineShader.cpp">
      <Filter>[5]____________[ Objective-D ]\[6] - [ Util ]\[ Shader Util ]\[2][ Shaders ]\[ Line Shader ]</Filter>
    </ClCompile>
    <ClCompile Include="GameResource.cpp">
      <Filter>[4]____________[ Game Resource ]</Filter>
    </ClCompile>
    <ClCompile Include="SettingRootSignature.cpp">
      <Filter>[5]____________[ Objective-D ]\[2] - [ Root Signature ]</Filter>
    </ClCompile>
    <ClCompile Include="WinMain.cpp">
      <Filter>[5]____________[ Objective-D ]\[5] - [ System ]\[ WinAPI ]</Filter>
    </ClCompile>
  </ItemGroup>
  <ItemGroup>
    <ResourceCompile Include="LabProject04-5.rc">
      <Filter>[5]____________[ Objective-D ]\[5] - [ System ]\[ WinAPI ]\[ Res ]</Filter>
    </ResourceCompile>
  </ItemGroup>
  <ItemGroup>
    <Image Include="small.ico">
      <Filter>[5]____________[ Objective-D ]\[5] - [ System ]\[ WinAPI ]\[ Res ]</Filter>
    </Image>
    <Image Include="LabProject04-5.ico">
      <Filter>[5]____________[ Objective-D ]\[5] - [ System ]\[ WinAPI ]\[ Res ]</Filter>
    </Image>
  </ItemGroup>
  <ItemGroup>
    <Text Include="MotionCode.txt" />
    <Text Include="ModeCodeTemplate.txt" />
  </ItemGroup>
  <ItemGroup>
    <FxCompile Include="Resources\SystemResources\Shader\ObjectShader.hlsl">
      <Filter>[5]____________[ Objective-D ]\[4] - [ HLSL ]</Filter>
    </FxCompile>
    <FxCompile Include="Resources\SystemResources\Shader\ImageShader.hlsl">
      <Filter>[5]____________[ Objective-D ]\[4] - [ HLSL ]</Filter>
    </FxCompile>
    <FxCompile Include="Resources\SystemResources\Shader\BoundboxShader.hlsl">
      <Filter>[5]____________[ Objective-D ]\[4] - [ HLSL ]</Filter>
    </FxCompile>
    <FxCompile Include="Resources\SystemResources\Shader\LineShader.hlsl">
      <Filter>[5]____________[ Objective-D ]\[4] - [ HLSL ]</Filter>
    </FxCompile>
  </ItemGroup>
</Project>