<?xml version="1.0" encoding="utf-8"?>
<Project ToolsVersion="4.0" xmlns="http://schemas.microsoft.com/developer/msbuild/2003">
  <ItemGroup>
    <Filter Include="[0]____________[ Config ]">
      <UniqueIdentifier>{5586bdf3-62bc-416a-8746-a2eb0688771f}</UniqueIdentifier>
    </Filter>
    <Filter Include="[0]____________[ Config ]\Header">
      <UniqueIdentifier>{133f430c-e0e1-4661-ba68-048388321eaa}</UniqueIdentifier>
    </Filter>
    <Filter Include="[1]____________[ Game Resource ]">
      <UniqueIdentifier>{517a4e13-9e31-4063-a3c0-0decb62883fd}</UniqueIdentifier>
    </Filter>
    <Filter Include="[2]____________[ Game Mode ]">
      <UniqueIdentifier>{453fd586-1c73-44fe-a61b-78ef8806db07}</UniqueIdentifier>
    </Filter>
    <Filter Include="[2]____________[ Game Mode ]\[ Mode1 ]">
      <UniqueIdentifier>{64814673-b711-4547-a2fa-f83b097a05fe}</UniqueIdentifier>
    </Filter>
    <Filter Include="[3]____________[ Game Object ]">
      <UniqueIdentifier>{ff900b4e-0c5d-4b64-8b68-91350d32ea6d}</UniqueIdentifier>
    </Filter>
    <Filter Include="[3]____________[ Game Object ]\[1] [ CustomObject ]">
      <UniqueIdentifier>{03135e75-d38d-4b93-81cb-cd9d7aad3e82}</UniqueIdentifier>
    </Filter>
    <Filter Include="[3]____________[ Game Object ]\[2] [ Template ]">
      <UniqueIdentifier>{03b6b546-94f5-4152-a165-f88612df9eb3}</UniqueIdentifier>
    </Filter>
    <Filter Include="[4]____________[ Camera ]">
      <UniqueIdentifier>{2a8bb781-cc47-466a-bc74-8a9e1cea7d74}</UniqueIdentifier>
    </Filter>
    <Filter Include="[5]____________[ Util ]">
      <UniqueIdentifier>{b6d4afa3-90e4-47a5-ba1f-f41d49ed0da4}</UniqueIdentifier>
    </Filter>
    <Filter Include="[5]____________[ Util ]\[ Mesh Util ]">
      <UniqueIdentifier>{e06f5344-112a-46aa-8b30-1ab19c3f4755}</UniqueIdentifier>
    </Filter>
    <Filter Include="[5]____________[ Util ]\[ Mesh Util ]\[1][ Set Up ]">
      <UniqueIdentifier>{f550e7bc-0bb1-4940-a2cf-ef5a66d383c3}</UniqueIdentifier>
    </Filter>
    <Filter Include="[5]____________[ Util ]\[ Shader Util ]">
      <UniqueIdentifier>{b6dba01f-4495-421d-b07d-2f1ae3602a65}</UniqueIdentifier>
    </Filter>
    <Filter Include="[5]____________[ Util ]\[ Shader Util ]\[1][ Set Up ]">
      <UniqueIdentifier>{37c1029a-4cd8-4b6e-83e0-7d1bdfce11fb}</UniqueIdentifier>
    </Filter>
    <Filter Include="[5]____________[ Util ]\[ Picking Util ]">
      <UniqueIdentifier>{ba62d479-4117-4520-9523-ec8071756d84}</UniqueIdentifier>
    </Filter>
    <Filter Include="[5]____________[ Util ]\[ Collision Util ]">
      <UniqueIdentifier>{d8926a5b-3aa1-4959-ab02-5a2302da5eff}</UniqueIdentifier>
    </Filter>
    <Filter Include="[5]____________[ Util ]\[ Terrain Util ]">
      <UniqueIdentifier>{19a62344-2409-47b7-bb75-4d6abbcb9220}</UniqueIdentifier>
    </Filter>
    <Filter Include="[5]____________[ Util ]\[ Transform Util ]">
      <UniqueIdentifier>{95a833a1-63bf-42c2-92b4-9d023ee5eaa3}</UniqueIdentifier>
    </Filter>
    <Filter Include="[5]____________[ Util ]\[ Math Util ]">
      <UniqueIdentifier>{0683a2e4-4519-4394-a267-133ac8565000}</UniqueIdentifier>
    </Filter>
    <Filter Include="[5]____________[ Util ]\[ Texture Util ]">
      <UniqueIdentifier>{513de38b-3361-4d1f-bd1f-31498074ad0c}</UniqueIdentifier>
    </Filter>
    <Filter Include="[5]____________[ Util ]\[ Brush Util ]">
      <UniqueIdentifier>{12f8bb1d-4b55-4e19-981f-78f7dc7fda6d}</UniqueIdentifier>
    </Filter>
    <Filter Include="[5]____________[ Util ]\[ Shader Util ]\[3][ CBV ]">
      <UniqueIdentifier>{8a9a0685-ce18-4df7-bf17-ba13635518e6}</UniqueIdentifier>
    </Filter>
    <Filter Include="[5]____________[ Util ]\[ Shader Util ]\[2][ Root Constant ]">
      <UniqueIdentifier>{454bc9de-c7e0-4efc-93a0-6a13c1b25425}</UniqueIdentifier>
    </Filter>
    <Filter Include="[7]____________[ HLSL ]">
      <UniqueIdentifier>{ba70de6e-7cb6-4172-be19-be267872509d}</UniqueIdentifier>
    </Filter>
    <Filter Include="[1]____________[ Game Resource ]\[1][ Common ]">
      <UniqueIdentifier>{0f8a68f8-ffdc-49f7-9188-1b4a57a768ef}</UniqueIdentifier>
    </Filter>
    <Filter Include="[1]____________[ Game Resource ]\[2][ CBV ]">
      <UniqueIdentifier>{2e441570-2469-4d4a-96e6-39f9f7bd4a43}</UniqueIdentifier>
    </Filter>
    <Filter Include="[6]____________[ Objective-D ]">
      <UniqueIdentifier>{ef1ecf29-3ada-454b-ac86-babccffd7df9}</UniqueIdentifier>
    </Filter>
    <Filter Include="[6]____________[ Objective-D ]\[ Framework ]">
      <UniqueIdentifier>{0663579a-f565-40d0-80bb-d7e8bb127ef5}</UniqueIdentifier>
    </Filter>
    <Filter Include="[6]____________[ Objective-D ]\[ Scene ]">
      <UniqueIdentifier>{a882829a-dff4-4946-9ffa-c1aee2ad70cd}</UniqueIdentifier>
    </Filter>
    <Filter Include="[6]____________[ Objective-D ]\[ D3D ]">
      <UniqueIdentifier>{843b528d-cf4f-4093-b11b-78a4b66a4263}</UniqueIdentifier>
    </Filter>
    <Filter Include="[6]____________[ Objective-D ]\[ WICTextureLoader12 ]">
      <UniqueIdentifier>{09d3e037-e897-42ba-b91b-0ca90bae1be3}</UniqueIdentifier>
    </Filter>
    <Filter Include="[6]____________[ Objective-D ]\[ WinAPI ]">
      <UniqueIdentifier>{2196dc85-3ef2-4368-a09b-f3ddea5f3fb2}</UniqueIdentifier>
    </Filter>
    <Filter Include="[6]____________[ Objective-D ]\[ WinAPI ]\[ Res ]">
      <UniqueIdentifier>{67DA6AB6-F800-4c08-8B7A-83BB121AAD01}</UniqueIdentifier>
      <Extensions>rc;ico;cur;bmp;dlg;rc2;rct;bin;rgs;gif;jpg;jpeg;jpe;resx;tiff;tif;png;wav;mfcribbon-ms</Extensions>
    </Filter>
    <Filter Include="[6]____________[ Objective-D ]\[ WinAPI ]\[ Header ]">
      <UniqueIdentifier>{72b2faf8-f4fd-434a-96dc-e0c382f6e0c3}</UniqueIdentifier>
    </Filter>
    <Filter Include="[6]____________[ Objective-D ]\[ Timer ]">
      <UniqueIdentifier>{316a1113-7690-4ecb-9a65-31ebb3a73328}</UniqueIdentifier>
    </Filter>
    <Filter Include="[6]____________[ Objective-D ]\[ Mouse Util ]">
      <UniqueIdentifier>{3a5cbc8f-6164-4837-b52b-8688b219d9a0}</UniqueIdentifier>
    </Filter>
    <Filter Include="[1]____________[ Game Resource ]\[3][ RC ]">
      <UniqueIdentifier>{a9ca5656-3ff4-48ac-83d8-4d0664b37dc5}</UniqueIdentifier>
    </Filter>
    <Filter Include="[6]____________[ Objective-D ]\[ DDSTextureLoader12 ]">
      <UniqueIdentifier>{5983987d-bc91-4c09-814d-3736d2a90331}</UniqueIdentifier>
    </Filter>
    <Filter Include="[8]____________[ Template ]">
      <UniqueIdentifier>{85c882ec-0833-4277-a399-b22fdda1154f}</UniqueIdentifier>
    </Filter>
    <Filter Include="[2]____________[ Game Mode ]\[ Mode0 ]">
      <UniqueIdentifier>{a15cd9be-0037-48a2-acbc-e7c053053edd}</UniqueIdentifier>
    </Filter>
  </ItemGroup>
  <ItemGroup>
    <ClInclude Include="Scene.h">
      <Filter>[6]____________[ Objective-D ]\[ Scene ]</Filter>
    </ClInclude>
    <ClInclude Include="DirectX_3D.h">
      <Filter>[6]____________[ Objective-D ]\[ D3D ]</Filter>
    </ClInclude>
    <ClInclude Include="Config.h">
      <Filter>[0]____________[ Config ]</Filter>
    </ClInclude>
    <ClInclude Include="MeshUtil.h">
      <Filter>[5]____________[ Util ]\[ Mesh Util ]</Filter>
    </ClInclude>
    <ClInclude Include="TimerUtil.h">
      <Filter>[6]____________[ Objective-D ]\[ Timer ]</Filter>
    </ClInclude>
    <ClInclude Include="ShaderUtil.h">
      <Filter>[5]____________[ Util ]\[ Shader Util ]</Filter>
    </ClInclude>
    <ClInclude Include="targetver.h">
      <Filter>[6]____________[ Objective-D ]\[ WinAPI ]\[ Header ]</Filter>
    </ClInclude>
    <ClInclude Include="Resource.h">
      <Filter>[6]____________[ Objective-D ]\[ WinAPI ]\[ Header ]</Filter>
    </ClInclude>
    <ClInclude Include="Objective-D.h">
      <Filter>[6]____________[ Objective-D ]\[ WinAPI ]\[ Header ]</Filter>
    </ClInclude>
    <ClInclude Include="Mode1.h">
      <Filter>[2]____________[ Game Mode ]\[ Mode1 ]</Filter>
    </ClInclude>
    <ClInclude Include="PickingUtil.h">
      <Filter>[5]____________[ Util ]\[ Picking Util ]</Filter>
    </ClInclude>
    <ClInclude Include="GameObject.h">
      <Filter>[3]____________[ Game Object ]\[2] [ Template ]</Filter>
    </ClInclude>
    <ClInclude Include="CollisionUtil.h">
      <Filter>[5]____________[ Util ]\[ Collision Util ]</Filter>
    </ClInclude>
    <ClInclude Include="MouseUtil.h">
      <Filter>[6]____________[ Objective-D ]\[ Mouse Util ]</Filter>
    </ClInclude>
    <ClInclude Include="TerrainUtil.h">
      <Filter>[5]____________[ Util ]\[ Terrain Util ]</Filter>
    </ClInclude>
    <ClInclude Include="TransformUtil.h">
      <Filter>[5]____________[ Util ]\[ Transform Util ]</Filter>
    </ClInclude>
    <ClInclude Include="MathUtil.h">
      <Filter>[5]____________[ Util ]\[ Math Util ]</Filter>
    </ClInclude>
    <ClInclude Include="StartMode.h">
      <Filter>[0]____________[ Config ]\Header</Filter>
    </ClInclude>
    <ClInclude Include="Control.h">
      <Filter>[3]____________[ Game Object ]\[1] [ CustomObject ]</Filter>
    </ClInclude>
    <ClInclude Include="d3dx12.h">
      <Filter>[6]____________[ Objective-D ]\[ D3D ]</Filter>
    </ClInclude>
    <ClInclude Include="WICTextureLoader12.h">
      <Filter>[6]____________[ Objective-D ]\[ WICTextureLoader12 ]</Filter>
    </ClInclude>
    <ClInclude Include="TextureUtil.h">
      <Filter>[5]____________[ Util ]\[ Texture Util ]</Filter>
    </ClInclude>
    <ClInclude Include="Framework.h">
      <Filter>[6]____________[ Objective-D ]\[ Framework ]</Filter>
    </ClInclude>
    <ClInclude Include="LineBrush.h">
      <Filter>[5]____________[ Util ]\[ Brush Util ]</Filter>
    </ClInclude>
    <ClInclude Include="CameraUtil.h">
      <Filter>[4]____________[ Camera ]</Filter>
    </ClInclude>
    <ClInclude Include="GameResource.h">
      <Filter>[1]____________[ Game Resource ]\[1][ Common ]</Filter>
    </ClInclude>
    <ClInclude Include="CBVData.h">
      <Filter>[1]____________[ Game Resource ]\[2][ CBV ]</Filter>
    </ClInclude>
    <ClInclude Include="CBVResource.h">
      <Filter>[1]____________[ Game Resource ]\[2][ CBV ]</Filter>
    </ClInclude>
    <ClInclude Include="CBVUtil.h">
      <Filter>[5]____________[ Util ]\[ Shader Util ]\[3][ CBV ]</Filter>
    </ClInclude>
    <ClInclude Include="RootConstantUtil.h">
      <Filter>[5]____________[ Util ]\[ Shader Util ]\[2][ Root Constant ]</Filter>
    </ClInclude>
    <ClInclude Include="RootConstants.h">
      <Filter>[1]____________[ Game Resource ]\[3][ RC ]</Filter>
    </ClInclude>
    <ClInclude Include="DDSTextureLoader12.h">
      <Filter>[6]____________[ Objective-D ]\[ DDSTextureLoader12 ]</Filter>
    </ClInclude>
    <ClInclude Include="Terrain.h">
      <Filter>[3]____________[ Game Object ]\[1] [ CustomObject ]</Filter>
    </ClInclude>
    <ClInclude Include="Mode0.h">
      <Filter>[2]____________[ Game Mode ]\[ Mode0 ]</Filter>
    </ClInclude>
    <ClInclude Include="Guide.h">
      <Filter>[3]____________[ Game Object ]\[1] [ CustomObject ]</Filter>
    </ClInclude>
    <ClInclude Include="CameraController.h">
      <Filter>[3]____________[ Game Object ]\[1] [ CustomObject ]</Filter>
    </ClInclude>
    <ClInclude Include="enemy.h">
      <Filter>[3]____________[ Game Object ]\[1] [ CustomObject ]</Filter>
    </ClInclude>
    <ClInclude Include="Tree.h">
      <Filter>[3]____________[ Game Object ]\[1] [ CustomObject ]</Filter>
    </ClInclude>
    <ClInclude Include="Skybox.h">
      <Filter>[3]____________[ Game Object ]\[1] [ CustomObject ]</Filter>
    </ClInclude>
  </ItemGroup>
  <ItemGroup>
    <ClCompile Include="Scene.cpp">
      <Filter>[6]____________[ Objective-D ]\[ Scene ]</Filter>
    </ClCompile>
    <ClCompile Include="DirectX_3D.cpp">
      <Filter>[6]____________[ Objective-D ]\[ D3D ]</Filter>
    </ClCompile>
    <ClCompile Include="Framework.cpp">
      <Filter>[6]____________[ Objective-D ]\[ Framework ]</Filter>
    </ClCompile>
    <ClCompile Include="WinMain.cpp" />
    <ClCompile Include="TimerUtil.cpp">
      <Filter>[6]____________[ Objective-D ]\[ Timer ]</Filter>
    </ClCompile>
    <ClCompile Include="PickingUtil.cpp">
      <Filter>[5]____________[ Util ]\[ Picking Util ]</Filter>
    </ClCompile>
    <ClCompile Include="MeshUtil.cpp">
      <Filter>[5]____________[ Util ]\[ Mesh Util ]</Filter>
    </ClCompile>
    <ClCompile Include="ShaderUtil.cpp">
      <Filter>[5]____________[ Util ]\[ Shader Util ]</Filter>
    </ClCompile>
    <ClCompile Include="GameObject.cpp">
      <Filter>[3]____________[ Game Object ]\[2] [ Template ]</Filter>
    </ClCompile>
    <ClCompile Include="CollisionUtil.cpp">
      <Filter>[5]____________[ Util ]\[ Collision Util ]</Filter>
    </ClCompile>
    <ClCompile Include="MouseUtil.cpp">
      <Filter>[6]____________[ Objective-D ]\[ Mouse Util ]</Filter>
    </ClCompile>
    <ClCompile Include="TerrainUtil.cpp">
      <Filter>[5]____________[ Util ]\[ Terrain Util ]</Filter>
    </ClCompile>
    <ClCompile Include="Mode1.cpp">
      <Filter>[2]____________[ Game Mode ]\[ Mode1 ]</Filter>
    </ClCompile>
    <ClCompile Include="TransformUtil.cpp">
      <Filter>[5]____________[ Util ]\[ Transform Util ]</Filter>
    </ClCompile>
    <ClCompile Include="MathUtil.cpp">
      <Filter>[5]____________[ Util ]\[ Math Util ]</Filter>
    </ClCompile>
    <ClCompile Include="StartMode.cpp">
      <Filter>[0]____________[ Config ]</Filter>
    </ClCompile>
    <ClCompile Include="WICTextureLoader12.cpp">
      <Filter>[6]____________[ Objective-D ]\[ WICTextureLoader12 ]</Filter>
    </ClCompile>
    <ClCompile Include="TextureUtil.cpp">
      <Filter>[5]____________[ Util ]\[ Texture Util ]</Filter>
    </ClCompile>
    <ClCompile Include="LineBrush.cpp">
      <Filter>[5]____________[ Util ]\[ Brush Util ]</Filter>
    </ClCompile>
    <ClCompile Include="Resterizers.cpp">
      <Filter>[5]____________[ Util ]\[ Shader Util ]\[1][ Set Up ]</Filter>
    </ClCompile>
    <ClCompile Include="Pipelines.cpp">
      <Filter>[5]____________[ Util ]\[ Shader Util ]\[1][ Set Up ]</Filter>
    </ClCompile>
    <ClCompile Include="Stencils.cpp">
      <Filter>[5]____________[ Util ]\[ Shader Util ]\[1][ Set Up ]</Filter>
    </ClCompile>
    <ClCompile Include="Blends.cpp">
      <Filter>[5]____________[ Util ]\[ Shader Util ]\[1][ Set Up ]</Filter>
    </ClCompile>
    <ClCompile Include="Meshes.cpp">
      <Filter>[5]____________[ Util ]\[ Mesh Util ]\[1][ Set Up ]</Filter>
    </ClCompile>
    <ClCompile Include="CameraUtil.cpp">
      <Filter>[4]____________[ Camera ]</Filter>
    </ClCompile>
    <ClCompile Include="GameResource.cpp">
      <Filter>[1]____________[ Game Resource ]\[1][ Common ]</Filter>
    </ClCompile>
    <ClCompile Include="CBVResource.cpp">
      <Filter>[1]____________[ Game Resource ]\[2][ CBV ]</Filter>
    </ClCompile>
    <ClCompile Include="CBVUtil.cpp">
      <Filter>[5]____________[ Util ]\[ Shader Util ]\[3][ CBV ]</Filter>
    </ClCompile>
    <ClCompile Include="RootConstantUtil.cpp">
      <Filter>[5]____________[ Util ]\[ Shader Util ]\[2][ Root Constant ]</Filter>
    </ClCompile>
    <ClCompile Include="RootConstants.cpp">
      <Filter>[1]____________[ Game Resource ]\[3][ RC ]</Filter>
    </ClCompile>
    <ClCompile Include="DDSTextureLoader12.cpp">
      <Filter>[6]____________[ Objective-D ]\[ DDSTextureLoader12 ]</Filter>
    </ClCompile>
    <ClCompile Include="Mode0.cpp">
      <Filter>[2]____________[ Game Mode ]\[ Mode0 ]</Filter>
    </ClCompile>
  </ItemGroup>
  <ItemGroup>
    <ResourceCompile Include="LabProject04-5.rc">
      <Filter>[6]____________[ Objective-D ]\[ WinAPI ]\[ Res ]</Filter>
    </ResourceCompile>
  </ItemGroup>
  <ItemGroup>
    <Image Include="small.ico">
      <Filter>[6]____________[ Objective-D ]\[ WinAPI ]\[ Res ]</Filter>
    </Image>
    <Image Include="LabProject04-5.ico">
      <Filter>[6]____________[ Objective-D ]\[ WinAPI ]\[ Res ]</Filter>
    </Image>
  </ItemGroup>
  <ItemGroup>
    <Text Include="ModeCodeTemplate.txt">
      <Filter>[8]____________[ Template ]</Filter>
    </Text>
    <Text Include="MotionCode.txt">
      <Filter>[8]____________[ Template ]</Filter>
    </Text>
  </ItemGroup>
  <ItemGroup>
    <FxCompile Include="Resources\SystemResources\Shader\BasicShader.hlsl">
      <Filter>[7]____________[ HLSL ]</Filter>
    </FxCompile>
  </ItemGroup>
</Project>